
Microsoft Visual Studio Solution File, Format Version 12.00
# Visual Studio Version 17
VisualStudioVersion = 17.0.32014.148
MinimumVisualStudioVersion = 10.0.40219.1
Project("{FAE04EC0-301F-11D3-BF4B-00C04F79EFBC}") = "asp.net login", "asp.net login.csproj", "{F5EB7FF7-801C-4AB7-92C2-07482BD9C675}"
EndProject
Global
	GlobalSection(SolutionConfigurationPlatforms) = preSolution
		Debug|Any CPU = Debug|Any CPU
		Release|Any CPU = Release|Any CPU
	EndGlobalSection
	GlobalSection(ProjectConfigurationPlatforms) = postSolution
		{F5EB7FF7-801C-4AB7-92C2-07482BD9C675}.Debug|Any CPU.ActiveCfg = Debug|Any CPU
		{F5EB7FF7-801C-4AB7-92C2-07482BD9C675}.Debug|Any CPU.Build.0 = Debug|Any CPU
		{F5EB7FF7-801C-4AB7-92C2-07482BD9C675}.Release|Any CPU.ActiveCfg = Release|Any CPU
		{F5EB7FF7-801C-4AB7-92C2-07482BD9C675}.Release|Any CPU.Build.0 = Release|Any CPU
	EndGlobalSection
	GlobalSection(SolutionProperties) = preSolution
		HideSolutionNode = FALSE
	EndGlobalSection
	GlobalSection(ExtensibilityGlobals) = postSolution
		SolutionGuid = {7340B5D9-D96B-4256-9834-0AF3451FB9AE}
	EndGlobalSection
EndGlobal
